
Microsoft Visual Studio Solution File, Format Version 12.00
# Visual Studio 14
VisualStudioVersion = 14.0.25123.0
MinimumVisualStudioVersion = 10.0.40219.1
Project("{FAE04EC0-301F-11D3-BF4B-00C04F79EFBC}") = "TextPoint", "TextPoint.csproj", "{072ED78E-29AC-4B05-A88F-78BB64E8096A}"
EndProject
Project("{FAE04EC0-301F-11D3-BF4B-00C04F79EFBC}") = "CodedUITestProject1", "CodedUITestProject1\CodedUITestProject1.csproj", "{980A19BA-8D34-48B6-9A45-7D0E0B35F467}"
EndProject
Global
	GlobalSection(SolutionConfigurationPlatforms) = preSolution
		Debug|Any CPU = Debug|Any CPU
		Release|Any CPU = Release|Any CPU
	EndGlobalSection
	GlobalSection(ProjectConfigurationPlatforms) = postSolution
		{072ED78E-29AC-4B05-A88F-78BB64E8096A}.Debug|Any CPU.ActiveCfg = Debug|Any CPU
		{072ED78E-29AC-4B05-A88F-78BB64E8096A}.Debug|Any CPU.Build.0 = Debug|Any CPU
		{072ED78E-29AC-4B05-A88F-78BB64E8096A}.Release|Any CPU.ActiveCfg = Release|Any CPU
		{072ED78E-29AC-4B05-A88F-78BB64E8096A}.Release|Any CPU.Build.0 = Release|Any CPU
		{980A19BA-8D34-48B6-9A45-7D0E0B35F467}.Debug|Any CPU.ActiveCfg = Debug|Any CPU
		{980A19BA-8D34-48B6-9A45-7D0E0B35F467}.Debug|Any CPU.Build.0 = Debug|Any CPU
		{980A19BA-8D34-48B6-9A45-7D0E0B35F467}.Release|Any CPU.ActiveCfg = Release|Any CPU
		{980A19BA-8D34-48B6-9A45-7D0E0B35F467}.Release|Any CPU.Build.0 = Release|Any CPU
	EndGlobalSection
	GlobalSection(SolutionProperties) = preSolution
		HideSolutionNode = FALSE
	EndGlobalSection
EndGlobal
